// !$*UTF8*$!
{
	archiveVersion = 1;
	classes = {
	};
	objectVersion = 46;
	objects = {

/* Begin PBXBuildFile section */
		BC3307D11B60CB8A00D7CAE4 /* AddTodoItemViewController.swift in Sources */ = {isa = PBXBuildFile; fileRef = BC3307D01B60CB8A00D7CAE4 /* AddTodoItemViewController.swift */; };
		BCAB52A21B5FB26600C2F292 /* AppDelegate.swift in Sources */ = {isa = PBXBuildFile; fileRef = BCAB52A11B5FB26600C2F292 /* AppDelegate.swift */; };
		BCAB52A41B5FB26600C2F292 /* ViewController.swift in Sources */ = {isa = PBXBuildFile; fileRef = BCAB52A31B5FB26600C2F292 /* ViewController.swift */; };
		BCAB52A71B5FB26600C2F292 /* Main.storyboard in Resources */ = {isa = PBXBuildFile; fileRef = BCAB52A51B5FB26600C2F292 /* Main.storyboard */; };
		BCAB52A91B5FB26600C2F292 /* Images.xcassets in Resources */ = {isa = PBXBuildFile; fileRef = BCAB52A81B5FB26600C2F292 /* Images.xcassets */; };
		BCAB52AC1B5FB26600C2F292 /* LaunchScreen.xib in Resources */ = {isa = PBXBuildFile; fileRef = BCAB52AA1B5FB26600C2F292 /* LaunchScreen.xib */; };
		BCAB52B81B5FB26700C2F292 /* SwiftToDoListTests.swift in Sources */ = {isa = PBXBuildFile; fileRef = BCAB52B71B5FB26700C2F292 /* SwiftToDoListTests.swift */; };
		BCAB52C41B5FCF0100C2F292 /* TodoItemCell.swift in Sources */ = {isa = PBXBuildFile; fileRef = BCAB52C31B5FCF0100C2F292 /* TodoItemCell.swift */; };
		BCAB52C61B5FDB0B00C2F292 /* TodoItemModel.swift in Sources */ = {isa = PBXBuildFile; fileRef = BCAB52C51B5FDB0B00C2F292 /* TodoItemModel.swift */; };
		BCAB52CA1B5FDDC700C2F292 /* TodoItemDetailViewController.swift in Sources */ = {isa = PBXBuildFile; fileRef = BCAB52C91B5FDDC700C2F292 /* TodoItemDetailViewController.swift */; };
		BCAB52CC1B5FEE8B00C2F292 /* Date.swift in Sources */ = {isa = PBXBuildFile; fileRef = BCAB52CB1B5FEE8B00C2F292 /* Date.swift */; };
/* End PBXBuildFile section */

/* Begin PBXContainerItemProxy section */
		BCAB52B21B5FB26700C2F292 /* PBXContainerItemProxy */ = {
			isa = PBXContainerItemProxy;
			containerPortal = BCAB52941B5FB26600C2F292 /* Project object */;
			proxyType = 1;
			remoteGlobalIDString = BCAB529B1B5FB26600C2F292;
			remoteInfo = SwiftToDoList;
		};
/* End PBXContainerItemProxy section */

/* Begin PBXFileReference section */
		BC3307D01B60CB8A00D7CAE4 /* AddTodoItemViewController.swift */ = {isa = PBXFileReference; fileEncoding = 4; lastKnownFileType = sourcecode.swift; path = AddTodoItemViewController.swift; sourceTree = "<group>"; };
		BCAB529C1B5FB26600C2F292 /* SwiftToDoList.app */ = {isa = PBXFileReference; explicitFileType = wrapper.application; includeInIndex = 0; path = SwiftToDoList.app; sourceTree = BUILT_PRODUCTS_DIR; };
		BCAB52A01B5FB26600C2F292 /* Info.plist */ = {isa = PBXFileReference; lastKnownFileType = text.plist.xml; path = Info.plist; sourceTree = "<group>"; };
		BCAB52A11B5FB26600C2F292 /* AppDelegate.swift */ = {isa = PBXFileReference; lastKnownFileType = sourcecode.swift; path = AppDelegate.swift; sourceTree = "<group>"; };
		BCAB52A31B5FB26600C2F292 /* ViewController.swift */ = {isa = PBXFileReference; lastKnownFileType = sourcecode.swift; path = ViewController.swift; sourceTree = "<group>"; };
		BCAB52A61B5FB26600C2F292 /* Base */ = {isa = PBXFileReference; lastKnownFileType = file.storyboard; name = Base; path = Base.lproj/Main.storyboard; sourceTree = "<group>"; };
		BCAB52A81B5FB26600C2F292 /* Images.xcassets */ = {isa = PBXFileReference; lastKnownFileType = folder.assetcatalog; path = Images.xcassets; sourceTree = "<group>"; };
		BCAB52AB1B5FB26600C2F292 /* Base */ = {isa = PBXFileReference; lastKnownFileType = file.xib; name = Base; path = Base.lproj/LaunchScreen.xib; sourceTree = "<group>"; };
		BCAB52B11B5FB26700C2F292 /* SwiftToDoListTests.xctest */ = {isa = PBXFileReference; explicitFileType = wrapper.cfbundle; includeInIndex = 0; path = SwiftToDoListTests.xctest; sourceTree = BUILT_PRODUCTS_DIR; };
		BCAB52B61B5FB26700C2F292 /* Info.plist */ = {isa = PBXFileReference; lastKnownFileType = text.plist.xml; path = Info.plist; sourceTree = "<group>"; };
		BCAB52B71B5FB26700C2F292 /* SwiftToDoListTests.swift */ = {isa = PBXFileReference; lastKnownFileType = sourcecode.swift; path = SwiftToDoListTests.swift; sourceTree = "<group>"; };
		BCAB52C31B5FCF0100C2F292 /* TodoItemCell.swift */ = {isa = PBXFileReference; fileEncoding = 4; lastKnownFileType = sourcecode.swift; path = TodoItemCell.swift; sourceTree = "<group>"; };
		BCAB52C51B5FDB0B00C2F292 /* TodoItemModel.swift */ = {isa = PBXFileReference; fileEncoding = 4; lastKnownFileType = sourcecode.swift; path = TodoItemModel.swift; sourceTree = "<group>"; };
		BCAB52C91B5FDDC700C2F292 /* TodoItemDetailViewController.swift */ = {isa = PBXFileReference; fileEncoding = 4; lastKnownFileType = sourcecode.swift; path = TodoItemDetailViewController.swift; sourceTree = "<group>"; };
		BCAB52CB1B5FEE8B00C2F292 /* Date.swift */ = {isa = PBXFileReference; fileEncoding = 4; lastKnownFileType = sourcecode.swift; path = Date.swift; sourceTree = "<group>"; };
/* End PBXFileReference section */

/* Begin PBXFrameworksBuildPhase section */
		BCAB52991B5FB26600C2F292 /* Frameworks */ = {
			isa = PBXFrameworksBuildPhase;
			buildActionMask = 2147483647;
			files = (
			);
			runOnlyForDeploymentPostprocessing = 0;
		};
		BCAB52AE1B5FB26700C2F292 /* Frameworks */ = {
			isa = PBXFrameworksBuildPhase;
			buildActionMask = 2147483647;
			files = (
			);
			runOnlyForDeploymentPostprocessing = 0;
		};
/* End PBXFrameworksBuildPhase section */

/* Begin PBXGroup section */
		BCAB52931B5FB26600C2F292 = {
			isa = PBXGroup;
			children = (
				BCAB529E1B5FB26600C2F292 /* SwiftToDoList */,
				BCAB52B41B5FB26700C2F292 /* SwiftToDoListTests */,
				BCAB529D1B5FB26600C2F292 /* Products */,
			);
			sourceTree = "<group>";
		};
		BCAB529D1B5FB26600C2F292 /* Products */ = {
			isa = PBXGroup;
			children = (
				BCAB529C1B5FB26600C2F292 /* SwiftToDoList.app */,
				BCAB52B11B5FB26700C2F292 /* SwiftToDoListTests.xctest */,
			);
			name = Products;
			sourceTree = "<group>";
		};
		BCAB529E1B5FB26600C2F292 /* SwiftToDoList */ = {
			isa = PBXGroup;
			children = (
				BCAB52A11B5FB26600C2F292 /* AppDelegate.swift */,
				BCAB52A31B5FB26600C2F292 /* ViewController.swift */,
				BCAB52CB1B5FEE8B00C2F292 /* Date.swift */,
				BCAB52C51B5FDB0B00C2F292 /* TodoItemModel.swift */,
				BCAB52C31B5FCF0100C2F292 /* TodoItemCell.swift */,
				BCAB52C91B5FDDC700C2F292 /* TodoItemDetailViewController.swift */,
				BC3307D01B60CB8A00D7CAE4 /* AddTodoItemViewController.swift */,
				BCAB52A51B5FB26600C2F292 /* Main.storyboard */,
				BCAB52A81B5FB26600C2F292 /* Images.xcassets */,
				BCAB52AA1B5FB26600C2F292 /* LaunchScreen.xib */,
				BCAB529F1B5FB26600C2F292 /* Supporting Files */,
			);
			path = SwiftToDoList;
			sourceTree = "<group>";
		};
		BCAB529F1B5FB26600C2F292 /* Supporting Files */ = {
			isa = PBXGroup;
			children = (
				BCAB52A01B5FB26600C2F292 /* Info.plist */,
			);
			name = "Supporting Files";
			sourceTree = "<group>";
		};
		BCAB52B41B5FB26700C2F292 /* SwiftToDoListTests */ = {
			isa = PBXGroup;
			children = (
				BCAB52B71B5FB26700C2F292 /* SwiftToDoListTests.swift */,
				BCAB52B51B5FB26700C2F292 /* Supporting Files */,
			);
			path = SwiftToDoListTests;
			sourceTree = "<group>";
		};
		BCAB52B51B5FB26700C2F292 /* Supporting Files */ = {
			isa = PBXGroup;
			children = (
				BCAB52B61B5FB26700C2F292 /* Info.plist */,
			);
			name = "Supporting Files";
			sourceTree = "<group>";
		};
/* End PBXGroup section */

/* Begin PBXNativeTarget section */
		BCAB529B1B5FB26600C2F292 /* SwiftToDoList */ = {
			isa = PBXNativeTarget;
			buildConfigurationList = BCAB52BB1B5FB26700C2F292 /* Build configuration list for PBXNativeTarget "SwiftToDoList" */;
			buildPhases = (
				BCAB52981B5FB26600C2F292 /* Sources */,
				BCAB52991B5FB26600C2F292 /* Frameworks */,
				BCAB529A1B5FB26600C2F292 /* Resources */,
			);
			buildRules = (
			);
			dependencies = (
			);
			name = SwiftToDoList;
			productName = SwiftToDoList;
			productReference = BCAB529C1B5FB26600C2F292 /* SwiftToDoList.app */;
			productType = "com.apple.product-type.application";
		};
		BCAB52B01B5FB26700C2F292 /* SwiftToDoListTests */ = {
			isa = PBXNativeTarget;
			buildConfigurationList = BCAB52BE1B5FB26700C2F292 /* Build configuration list for PBXNativeTarget "SwiftToDoListTests" */;
			buildPhases = (
				BCAB52AD1B5FB26700C2F292 /* Sources */,
				BCAB52AE1B5FB26700C2F292 /* Frameworks */,
				BCAB52AF1B5FB26700C2F292 /* Resources */,
			);
			buildRules = (
			);
			dependencies = (
				BCAB52B31B5FB26700C2F292 /* PBXTargetDependency */,
			);
			name = SwiftToDoListTests;
			productName = SwiftToDoListTests;
			productReference = BCAB52B11B5FB26700C2F292 /* SwiftToDoListTests.xctest */;
			productType = "com.apple.product-type.bundle.unit-test";
		};
/* End PBXNativeTarget section */

/* Begin PBXProject section */
		BCAB52941B5FB26600C2F292 /* Project object */ = {
			isa = PBXProject;
			attributes = {
				LastUpgradeCheck = 0630;
				ORGANIZATIONNAME = sample;
				TargetAttributes = {
					BCAB529B1B5FB26600C2F292 = {
						CreatedOnToolsVersion = 6.3.2;
					};
					BCAB52B01B5FB26700C2F292 = {
						CreatedOnToolsVersion = 6.3.2;
						TestTargetID = BCAB529B1B5FB26600C2F292;
					};
				};
			};
			buildConfigurationList = BCAB52971B5FB26600C2F292 /* Build configuration list for PBXProject "SwiftToDoList" */;
			compatibilityVersion = "Xcode 3.2";
			developmentRegion = English;
			hasScannedForEncodings = 0;
			knownRegions = (
				en,
				Base,
			);
			mainGroup = BCAB52931B5FB26600C2F292;
			productRefGroup = BCAB529D1B5FB26600C2F292 /* Products */;
			projectDirPath = "";
			projectRoot = "";
			targets = (
				BCAB529B1B5FB26600C2F292 /* SwiftToDoList */,
				BCAB52B01B5FB26700C2F292 /* SwiftToDoListTests */,
			);
		};
/* End PBXProject section */

/* Begin PBXResourcesBuildPhase section */
		BCAB529A1B5FB26600C2F292 /* Resources */ = {
			isa = PBXResourcesBuildPhase;
			buildActionMask = 2147483647;
			files = (
				BCAB52A71B5FB26600C2F292 /* Main.storyboard in Resources */,
				BCAB52AC1B5FB26600C2F292 /* LaunchScreen.xib in Resources */,
				BCAB52A91B5FB26600C2F292 /* Images.xcassets in Resources */,
			);
			runOnlyForDeploymentPostprocessing = 0;
		};
		BCAB52AF1B5FB26700C2F292 /* Resources */ = {
			isa = PBXResourcesBuildPhase;
			buildActionMask = 2147483647;
			files = (
			);
			runOnlyForDeploymentPostprocessing = 0;
		};
/* End PBXResourcesBuildPhase section */

/* Begin PBXSourcesBuildPhase section */
		BCAB52981B5FB26600C2F292 /* Sources */ = {
			isa = PBXSourcesBuildPhase;
			buildActionMask = 2147483647;
			files = (
				BCAB52C61B5FDB0B00C2F292 /* TodoItemModel.swift in Sources */,
				BC3307D11B60CB8A00D7CAE4 /* AddTodoItemViewController.swift in Sources */,
				BCAB52CC1B5FEE8B00C2F292 /* Date.swift in Sources */,
				BCAB52A41B5FB26600C2F292 /* ViewController.swift in Sources */,
				BCAB52CA1B5FDDC700C2F292 /* TodoItemDetailViewController.swift in Sources */,
				BCAB52C41B5FCF0100C2F292 /* TodoItemCell.swift in Sources */,
				BCAB52A21B5FB26600C2F292 /* AppDelegate.swift in Sources */,
			);
			runOnlyForDeploymentPostprocessing = 0;
		};
		BCAB52AD1B5FB26700C2F292 /* Sources */ = {
			isa = PBXSourcesBuildPhase;
			buildActionMask = 2147483647;
			files = (
				BCAB52B81B5FB26700C2F292 /* SwiftToDoListTests.swift in Sources */,
			);
			runOnlyForDeploymentPostprocessing = 0;
		};
/* End PBXSourcesBuildPhase section */

/* Begin PBXTargetDependency section */
		BCAB52B31B5FB26700C2F292 /* PBXTargetDependency */ = {
			isa = PBXTargetDependency;
			target = BCAB529B1B5FB26600C2F292 /* SwiftToDoList */;
			targetProxy = BCAB52B21B5FB26700C2F292 /* PBXContainerItemProxy */;
		};
/* End PBXTargetDependency section */

/* Begin PBXVariantGroup section */
		BCAB52A51B5FB26600C2F292 /* Main.storyboard */ = {
			isa = PBXVariantGroup;
			children = (
				BCAB52A61B5FB26600C2F292 /* Base */,
			);
			name = Main.storyboard;
			sourceTree = "<group>";
		};
		BCAB52AA1B5FB26600C2F292 /* LaunchScreen.xib */ = {
			isa = PBXVariantGroup;
			children = (
				BCAB52AB1B5FB26600C2F292 /* Base */,
			);
			name = LaunchScreen.xib;
			sourceTree = "<group>";
		};
/* End PBXVariantGroup section */

/* Begin XCBuildConfiguration section */
		BCAB52B91B5FB26700C2F292 /* Debug */ = {
			isa = XCBuildConfiguration;
			buildSettings = {
				ALWAYS_SEARCH_USER_PATHS = NO;
				CLANG_CXX_LANGUAGE_STANDARD = "gnu++0x";
				CLANG_CXX_LIBRARY = "libc++";
				CLANG_ENABLE_MODULES = YES;
				CLANG_ENABLE_OBJC_ARC = YES;
				CLANG_WARN_BOOL_CONVERSION = YES;
				CLANG_WARN_CONSTANT_CONVERSION = YES;
				CLANG_WARN_DIRECT_OBJC_ISA_USAGE = YES_ERROR;
				CLANG_WARN_EMPTY_BODY = YES;
				CLANG_WARN_ENUM_CONVERSION = YES;
				CLANG_WARN_INT_CONVERSION = YES;
				CLANG_WARN_OBJC_ROOT_CLASS = YES_ERROR;
				CLANG_WARN_UNREACHABLE_CODE = YES;
				CLANG_WARN__DUPLICATE_METHOD_MATCH = YES;
				"CODE_SIGN_IDENTITY[sdk=iphoneos*]" = "iPhone Developer";
				COPY_PHASE_STRIP = NO;
				DEBUG_INFORMATION_FORMAT = "dwarf-with-dsym";
				ENABLE_STRICT_OBJC_MSGSEND = YES;
				GCC_C_LANGUAGE_STANDARD = gnu99;
				GCC_DYNAMIC_NO_PIC = NO;
				GCC_NO_COMMON_BLOCKS = YES;
				GCC_OPTIMIZATION_LEVEL = 0;
				GCC_PREPROCESSOR_DEFINITIONS = (
					"DEBUG=1",
					"$(inherited)",
				);
				GCC_SYMBOLS_PRIVATE_EXTERN = NO;
				GCC_WARN_64_TO_32_BIT_CONVERSION = YES;
				GCC_WARN_ABOUT_RETURN_TYPE = YES_ERROR;
				GCC_WARN_UNDECLARED_SELECTOR = YES;
				GCC_WARN_UNINITIALIZED_AUTOS = YES_AGGRESSIVE;
				GCC_WARN_UNUSED_FUNCTION = YES;
				GCC_WARN_UNUSED_VARIABLE = YES;
				IPHONEOS_DEPLOYMENT_TARGET = 8.3;
				MTL_ENABLE_DEBUG_INFO = YES;
				ONLY_ACTIVE_ARCH = YES;
				SDKROOT = iphoneos;
				SWIFT_OPTIMIZATION_LEVEL = "-Onone";
				TARGETED_DEVICE_FAMILY = "1,2";
			};
			name = Debug;
		};
		BCAB52BA1B5FB26700C2F292 /* Release */ = {
			isa = XCBuildConfiguration;
			buildSettings = {
				ALWAYS_SEARCH_USER_PATHS = NO;
				CLANG_CXX_LANGUAGE_STANDARD = "gnu++0x";
				CLANG_CXX_LIBRARY = "libc++";
				CLANG_ENABLE_MODULES = YES;
				CLANG_ENABLE_OBJC_ARC = YES;
				CLANG_WARN_BOOL_CONVERSION = YES;
				CLANG_WARN_CONSTANT_CONVERSION = YES;
				CLANG_WARN_DIRECT_OBJC_ISA_USAGE = YES_ERROR;
				CLANG_WARN_EMPTY_BODY = YES;
				CLANG_WARN_ENUM_CONVERSION = YES;
				CLANG_WARN_INT_CONVERSION = YES;
				CLANG_WARN_OBJC_ROOT_CLASS = YES_ERROR;
				CLANG_WARN_UNREACHABLE_CODE = YES;
				CLANG_WARN__DUPLICATE_METHOD_MATCH = YES;
				"CODE_SIGN_IDENTITY[sdk=iphoneos*]" = "iPhone Developer";
				COPY_PHASE_STRIP = NO;
				DEBUG_INFORMATION_FORMAT = "dwarf-with-dsym";
				ENABLE_NS_ASSERTIONS = NO;
				ENABLE_STRICT_OBJC_MSGSEND = YES;
				GCC_C_LANGUAGE_STANDARD = gnu99;
				GCC_NO_COMMON_BLOCKS = YES;
				GCC_WARN_64_TO_32_BIT_CONVERSION = YES;
				GCC_WARN_ABOUT_RETURN_TYPE = YES_ERROR;
				GCC_WARN_UNDECLARED_SELECTOR = YES;
				GCC_WARN_UNINITIALIZED_AUTOS = YES_AGGRESSIVE;
				GCC_WARN_UNUSED_FUNCTION = YES;
				GCC_WARN_UNUSED_VARIABLE = YES;
				IPHONEOS_DEPLOYMENT_TARGET = 8.3;
				MTL_ENABLE_DEBUG_INFO = NO;
				SDKROOT = iphoneos;
				TARGETED_DEVICE_FAMILY = "1,2";
				VALIDATE_PRODUCT = YES;
			};
			name = Release;
		};
		BCAB52BC1B5FB26700C2F292 /* Debug */ = {
			isa = XCBuildConfiguration;
			buildSettings = {
				ASSETCATALOG_COMPILER_APPICON_NAME = AppIcon;
				INFOPLIST_FILE = SwiftToDoList/Info.plist;
				LD_RUNPATH_SEARCH_PATHS = "$(inherited) @executable_path/Frameworks";
				PRODUCT_NAME = "$(TARGET_NAME)";
			};
			name = Debug;
		};
		BCAB52BD1B5FB26700C2F292 /* Release */ = {
			isa = XCBuildConfiguration;
			buildSettings = {
				ASSETCATALOG_COMPILER_APPICON_NAME = AppIcon;
				INFOPLIST_FILE = SwiftToDoList/Info.plist;
				LD_RUNPATH_SEARCH_PATHS = "$(inherited) @executable_path/Frameworks";
				PRODUCT_NAME = "$(TARGET_NAME)";
			};
			name = Release;
		};
		BCAB52BF1B5FB26700C2F292 /* Debug */ = {
			isa = XCBuildConfiguration;
			buildSettings = {
				BUNDLE_LOADER = "$(TEST_HOST)";
				FRAMEWORK_SEARCH_PATHS = (
					"$(SDKROOT)/Developer/Library/Frameworks",
					"$(inherited)",
				);
				GCC_PREPROCESSOR_DEFINITIONS = (
					"DEBUG=1",
					"$(inherited)",
				);
				INFOPLIST_FILE = SwiftToDoListTests/Info.plist;
				LD_RUNPATH_SEARCH_PATHS = "$(inherited) @executable_path/Frameworks @loader_path/Frameworks";
				PRODUCT_NAME = "$(TARGET_NAME)";
				TEST_HOST = "$(BUILT_PRODUCTS_DIR)/SwiftToDoList.app/SwiftToDoList";
			};
			name = Debug;
		};
		BCAB52C01B5FB26700C2F292 /* Release */ = {
			isa = XCBuildConfiguration;
			buildSettings = {
				BUNDLE_LOADER = "$(TEST_HOST)";
				FRAMEWORK_SEARCH_PATHS = (
					"$(SDKROOT)/Developer/Library/Frameworks",
					"$(inherited)",
				);
				INFOPLIST_FILE = SwiftToDoListTests/Info.plist;
				LD_RUNPATH_SEARCH_PATHS = "$(inherited) @executable_path/Frameworks @loader_path/Frameworks";
				PRODUCT_NAME = "$(TARGET_NAME)";
				TEST_HOST = "$(BUILT_PRODUCTS_DIR)/SwiftToDoList.app/SwiftToDoList";
			};
			name = Release;
		};
/* End XCBuildConfiguration section */

/* Begin XCConfigurationList section */
		BCAB52971B5FB26600C2F292 /* Build configuration list for PBXProject "SwiftToDoList" */ = {
			isa = XCConfigurationList;
			buildConfigurations = (
				BCAB52B91B5FB26700C2F292 /* Debug */,
				BCAB52BA1B5FB26700C2F292 /* Release */,
			);
			defaultConfigurationIsVisible = 0;
			defaultConfigurationName = Release;
		};
		BCAB52BB1B5FB26700C2F292 /* Build configuration list for PBXNativeTarget "SwiftToDoList" */ = {
			isa = XCConfigurationList;
			buildConfigurations = (
				BCAB52BC1B5FB26700C2F292 /* Debug */,
				BCAB52BD1B5FB26700C2F292 /* Release */,
			);
			defaultConfigurationIsVisible = 0;
			defaultConfigurationName = Release;
		};
		BCAB52BE1B5FB26700C2F292 /* Build configuration list for PBXNativeTarget "SwiftToDoListTests" */ = {
			isa = XCConfigurationList;
			buildConfigurations = (
				BCAB52BF1B5FB26700C2F292 /* Debug */,
				BCAB52C01B5FB26700C2F292 /* Release */,
			);
			defaultConfigurationIsVisible = 0;
			defaultConfigurationName = Release;
		};
/* End XCConfigurationList section */
	};
	rootObject = BCAB52941B5FB26600C2F292 /* Project object */;
}
